// !$*UTF8*$!
{
	archiveVersion = 1;
	classes = {
	};
	objectVersion = 46;
	objects = {

/* Begin PBXBuildFile section */
		0E02FB901CBC7C5D00C32F9F /* GaussianTests.swift in Sources */ = {isa = PBXBuildFile; fileRef = 0E02FB8F1CBC7C5D00C32F9F /* GaussianTests.swift */; };
		0E02FB911CBC7C5D00C32F9F /* GaussianTests.swift in Sources */ = {isa = PBXBuildFile; fileRef = 0E02FB8F1CBC7C5D00C32F9F /* GaussianTests.swift */; };
		0E02FB931CBDD35300C32F9F /* MixtureOfGaussians.swift in Sources */ = {isa = PBXBuildFile; fileRef = 0E02FB921CBDD35300C32F9F /* MixtureOfGaussians.swift */; };
		0E02FB941CBDD35300C32F9F /* MixtureOfGaussians.swift in Sources */ = {isa = PBXBuildFile; fileRef = 0E02FB921CBDD35300C32F9F /* MixtureOfGaussians.swift */; };
		0E02FB961CBF10E900C32F9F /* MixtureOfGaussianTests.swift in Sources */ = {isa = PBXBuildFile; fileRef = 0E02FB951CBF10E900C32F9F /* MixtureOfGaussianTests.swift */; };
		0E02FB971CBF10E900C32F9F /* MixtureOfGaussianTests.swift in Sources */ = {isa = PBXBuildFile; fileRef = 0E02FB951CBF10E900C32F9F /* MixtureOfGaussianTests.swift */; };
		0E02FB991CC1B22E00C32F9F /* NonLinearRegression.swift in Sources */ = {isa = PBXBuildFile; fileRef = 0E02FB981CC1B22E00C32F9F /* NonLinearRegression.swift */; };
		0E02FB9A1CC1B22E00C32F9F /* NonLinearRegression.swift in Sources */ = {isa = PBXBuildFile; fileRef = 0E02FB981CC1B22E00C32F9F /* NonLinearRegression.swift */; };
		0E02FB9C1CC1B25400C32F9F /* NonLinearRegressionTests.swift in Sources */ = {isa = PBXBuildFile; fileRef = 0E02FB9B1CC1B25400C32F9F /* NonLinearRegressionTests.swift */; };
		0E02FB9D1CC1B25400C32F9F /* NonLinearRegressionTests.swift in Sources */ = {isa = PBXBuildFile; fileRef = 0E02FB9B1CC1B25400C32F9F /* NonLinearRegressionTests.swift */; };
		0E04D00E1DEE6DAC008A5BF7 /* MLUIView.swift in Sources */ = {isa = PBXBuildFile; fileRef = 0E04D00D1DEE6DAC008A5BF7 /* MLUIView.swift */; };
		0E04D0171DEE6F11008A5BF7 /* Convolution.swift in Sources */ = {isa = PBXBuildFile; fileRef = 0EA300F01DB2951A009CB319 /* Convolution.swift */; };
		0E04D0191DEE6F16008A5BF7 /* DeepChannel.swift in Sources */ = {isa = PBXBuildFile; fileRef = 0EA300F11DB2951A009CB319 /* DeepChannel.swift */; };
		0E04D01B1DEE6F19008A5BF7 /* DeepLayer.swift in Sources */ = {isa = PBXBuildFile; fileRef = 0EA300F21DB2951A009CB319 /* DeepLayer.swift */; };
		0E04D01D1DEE6F1D008A5BF7 /* DeepNetwork.swift in Sources */ = {isa = PBXBuildFile; fileRef = 0EA300F31DB2951A009CB319 /* DeepNetwork.swift */; };
		0E04D01F1DEE6F21008A5BF7 /* DeepNetworkOperator.swift in Sources */ = {isa = PBXBuildFile; fileRef = 0EA300F41DB2951A009CB319 /* DeepNetworkOperator.swift */; };
		0E04D0211DEE6F25008A5BF7 /* DeepNeuralNetwork.swift in Sources */ = {isa = PBXBuildFile; fileRef = 0EA300F51DB2951A009CB319 /* DeepNeuralNetwork.swift */; };
		0E04D0231DEE6F2B008A5BF7 /* MLPersistenceProtocol.swift in Sources */ = {isa = PBXBuildFile; fileRef = 0EA300F61DB2951A009CB319 /* MLPersistenceProtocol.swift */; };
		0E04D0251DEE6F2F008A5BF7 /* Pooling.swift in Sources */ = {isa = PBXBuildFile; fileRef = 0EA300F71DB2951A009CB319 /* Pooling.swift */; };
		0E0A4F9D1C133E8800AD5AAE /* AIToolbox.framework in Frameworks */ = {isa = PBXBuildFile; fileRef = 0E0A4F931C133E8800AD5AAE /* AIToolbox.framework */; };
		0E0A4FB01C1342D700AD5AAE /* AlphaBeta.swift in Sources */ = {isa = PBXBuildFile; fileRef = 0ECD88651A9C3F6300049F28 /* AlphaBeta.swift */; };
		0E0A4FB41C1342E800AD5AAE /* QueueTests.swift in Sources */ = {isa = PBXBuildFile; fileRef = 0EBA29D11A98376F0012CEC9 /* QueueTests.swift */; };
		0E0A4FB51C1342EB00AD5AAE /* GraphTests.swift in Sources */ = {isa = PBXBuildFile; fileRef = 0EBA29C91A9135940012CEC9 /* GraphTests.swift */; };
		0E0A4FB61C1342EF00AD5AAE /* AlphaBetaTests.swift in Sources */ = {isa = PBXBuildFile; fileRef = 0ECD88671A9C44BD00049F28 /* AlphaBetaTests.swift */; };
		0E0A4FB71C1342F200AD5AAE /* ConstraintPropogationTests.swift in Sources */ = {isa = PBXBuildFile; fileRef = 0E5544571AAAC58E00BF5FAD /* ConstraintPropogationTests.swift */; };
		0E0A4FB81C1342F500AD5AAE /* NeuralNetworkTests.swift in Sources */ = {isa = PBXBuildFile; fileRef = 0EA941AC1BD5F80E006BAECD /* NeuralNetworkTests.swift */; };
		0E0A4FC01C14EDC100AD5AAE /* SVMTests.swift in Sources */ = {isa = PBXBuildFile; fileRef = 0E0A4FBF1C14EDC100AD5AAE /* SVMTests.swift */; };
		0E0A4FC11C14EDC100AD5AAE /* SVMTests.swift in Sources */ = {isa = PBXBuildFile; fileRef = 0E0A4FBF1C14EDC100AD5AAE /* SVMTests.swift */; };
		0E0E25FE1CA119160087932B /* PrincipalComponantAnalysis.swift in Sources */ = {isa = PBXBuildFile; fileRef = 0E0E25FD1CA119160087932B /* PrincipalComponantAnalysis.swift */; };
		0E0E25FF1CA119160087932B /* PrincipalComponantAnalysis.swift in Sources */ = {isa = PBXBuildFile; fileRef = 0E0E25FD1CA119160087932B /* PrincipalComponantAnalysis.swift */; };
		0E0E26011CA44EA80087932B /* PCATests.swift in Sources */ = {isa = PBXBuildFile; fileRef = 0E0E26001CA44EA80087932B /* PCATests.swift */; };
		0E0E26021CA44EA80087932B /* PCATests.swift in Sources */ = {isa = PBXBuildFile; fileRef = 0E0E26001CA44EA80087932B /* PCATests.swift */; };
		0E12025E1D0490AD0072257B /* LSTMTests.swift in Sources */ = {isa = PBXBuildFile; fileRef = 0E12025D1D0490AD0072257B /* LSTMTests.swift */; };
		0E12025F1D0490AD0072257B /* LSTMTests.swift in Sources */ = {isa = PBXBuildFile; fileRef = 0E12025D1D0490AD0072257B /* LSTMTests.swift */; };
		0E3CB5A01CCD30AE008ABA4E /* Validation.swift in Sources */ = {isa = PBXBuildFile; fileRef = 0E3CB59F1CCD30AE008ABA4E /* Validation.swift */; };
		0E3CB5A11CCD30AE008ABA4E /* Validation.swift in Sources */ = {isa = PBXBuildFile; fileRef = 0E3CB59F1CCD30AE008ABA4E /* Validation.swift */; };
		0E3CB5A31CCD30D3008ABA4E /* ValidationTests.swift in Sources */ = {isa = PBXBuildFile; fileRef = 0E3CB5A21CCD30D3008ABA4E /* ValidationTests.swift */; };
		0E3CB5A41CCD30D3008ABA4E /* ValidationTests.swift in Sources */ = {isa = PBXBuildFile; fileRef = 0E3CB5A21CCD30D3008ABA4E /* ValidationTests.swift */; };
		0E3CB5AB1CE6C9FB008ABA4E /* LogisticRegression.swift in Sources */ = {isa = PBXBuildFile; fileRef = 0E3CB5AA1CE6C9FB008ABA4E /* LogisticRegression.swift */; };
		0E3CB5AC1CE6C9FB008ABA4E /* LogisticRegression.swift in Sources */ = {isa = PBXBuildFile; fileRef = 0E3CB5AA1CE6C9FB008ABA4E /* LogisticRegression.swift */; };
		0E3CB5AE1CE6CA26008ABA4E /* LogisticRegressionTests.swift in Sources */ = {isa = PBXBuildFile; fileRef = 0E3CB5AD1CE6CA26008ABA4E /* LogisticRegressionTests.swift */; };
		0E3CB5AF1CE6CA26008ABA4E /* LogisticRegressionTests.swift in Sources */ = {isa = PBXBuildFile; fileRef = 0E3CB5AD1CE6CA26008ABA4E /* LogisticRegressionTests.swift */; };
		0E5544581AAAC58E00BF5FAD /* ConstraintPropogationTests.swift in Sources */ = {isa = PBXBuildFile; fileRef = 0E5544571AAAC58E00BF5FAD /* ConstraintPropogationTests.swift */; };
		0E8C9F7D1C9BB0B000F88E34 /* KMeansTest.swift in Sources */ = {isa = PBXBuildFile; fileRef = 0E8C9F7C1C9BB0B000F88E34 /* KMeansTest.swift */; };
		0E8C9F7E1C9BB0B000F88E34 /* KMeansTest.swift in Sources */ = {isa = PBXBuildFile; fileRef = 0E8C9F7C1C9BB0B000F88E34 /* KMeansTest.swift */; };
		0EA300F81DB2951A009CB319 /* Convolution.swift in Sources */ = {isa = PBXBuildFile; fileRef = 0EA300F01DB2951A009CB319 /* Convolution.swift */; };
		0EA300F91DB2951A009CB319 /* DeepChannel.swift in Sources */ = {isa = PBXBuildFile; fileRef = 0EA300F11DB2951A009CB319 /* DeepChannel.swift */; };
		0EA300FA1DB2951A009CB319 /* DeepLayer.swift in Sources */ = {isa = PBXBuildFile; fileRef = 0EA300F21DB2951A009CB319 /* DeepLayer.swift */; };
		0EA300FB1DB2951A009CB319 /* DeepNetwork.swift in Sources */ = {isa = PBXBuildFile; fileRef = 0EA300F31DB2951A009CB319 /* DeepNetwork.swift */; };
		0EA300FC1DB2951A009CB319 /* DeepNetworkOperator.swift in Sources */ = {isa = PBXBuildFile; fileRef = 0EA300F41DB2951A009CB319 /* DeepNetworkOperator.swift */; };
		0EA300FD1DB2951A009CB319 /* DeepNeuralNetwork.swift in Sources */ = {isa = PBXBuildFile; fileRef = 0EA300F51DB2951A009CB319 /* DeepNeuralNetwork.swift */; };
		0EA300FE1DB2951A009CB319 /* MLPersistenceProtocol.swift in Sources */ = {isa = PBXBuildFile; fileRef = 0EA300F61DB2951A009CB319 /* MLPersistenceProtocol.swift */; };
		0EA300FF1DB2951A009CB319 /* Pooling.swift in Sources */ = {isa = PBXBuildFile; fileRef = 0EA300F71DB2951A009CB319 /* Pooling.swift */; };
		0EA301061DB4767B009CB319 /* DeepNetworkTests.swift in Sources */ = {isa = PBXBuildFile; fileRef = 0EA301051DB4767B009CB319 /* DeepNetworkTests.swift */; };
		0EA301071DB4767B009CB319 /* DeepNetworkTests.swift in Sources */ = {isa = PBXBuildFile; fileRef = 0EA301051DB4767B009CB319 /* DeepNetworkTests.swift */; };
		0EA941AD1BD5F80E006BAECD /* NeuralNetworkTests.swift in Sources */ = {isa = PBXBuildFile; fileRef = 0EA941AC1BD5F80E006BAECD /* NeuralNetworkTests.swift */; };
		0EAAFD471CA9F37E0062EBD5 /* MarkovDecisionProcess.swift in Sources */ = {isa = PBXBuildFile; fileRef = 0EAAFD461CA9F37E0062EBD5 /* MarkovDecisionProcess.swift */; };
		0EAAFD481CA9F37E0062EBD5 /* MarkovDecisionProcess.swift in Sources */ = {isa = PBXBuildFile; fileRef = 0EAAFD461CA9F37E0062EBD5 /* MarkovDecisionProcess.swift */; };
		0EAAFD4A1CA9F3BD0062EBD5 /* MDPTests.swift in Sources */ = {isa = PBXBuildFile; fileRef = 0EAAFD491CA9F3BD0062EBD5 /* MDPTests.swift */; };
		0EAAFD4B1CA9F3BD0062EBD5 /* MDPTests.swift in Sources */ = {isa = PBXBuildFile; fileRef = 0EAAFD491CA9F3BD0062EBD5 /* MDPTests.swift */; };
		0EAAFD6A1CB33D4F0062EBD5 /* LinearRegression.swift in Sources */ = {isa = PBXBuildFile; fileRef = 0EAAFD691CB33D4F0062EBD5 /* LinearRegression.swift */; };
		0EAAFD6B1CB33D4F0062EBD5 /* LinearRegression.swift in Sources */ = {isa = PBXBuildFile; fileRef = 0EAAFD691CB33D4F0062EBD5 /* LinearRegression.swift */; };
		0EAAFD6D1CB33DA10062EBD5 /* LinearRegressionTests.swift in Sources */ = {isa = PBXBuildFile; fileRef = 0EAAFD6C1CB33DA10062EBD5 /* LinearRegressionTests.swift */; };
		0EAAFD6E1CB33DA10062EBD5 /* LinearRegressionTests.swift in Sources */ = {isa = PBXBuildFile; fileRef = 0EAAFD6C1CB33DA10062EBD5 /* LinearRegressionTests.swift */; };
		0EB34A3B1CF9408C006F5CE5 /* MLView.swift in Sources */ = {isa = PBXBuildFile; fileRef = 0EB34A3A1CF9408C006F5CE5 /* MLView.swift */; };
		0EB9FF291E80C10A00AA058E /* ConstraintPropogation.swift in Sources */ = {isa = PBXBuildFile; fileRef = 0EB9FF181E80C10A00AA058E /* ConstraintPropogation.swift */; };
		0EB9FF2A1E80C10A00AA058E /* DataSet.swift in Sources */ = {isa = PBXBuildFile; fileRef = 0EB9FF191E80C10A00AA058E /* DataSet.swift */; };
		0EB9FF2B1E80C10A00AA058E /* Gaussian.swift in Sources */ = {isa = PBXBuildFile; fileRef = 0EB9FF1A1E80C10A00AA058E /* Gaussian.swift */; };
		0EB9FF2C1E80C10A00AA058E /* GeneticAlgorithm.swift in Sources */ = {isa = PBXBuildFile; fileRef = 0EB9FF1B1E80C10A00AA058E /* GeneticAlgorithm.swift */; };
		0EB9FF2D1E80C10A00AA058E /* Graph.swift in Sources */ = {isa = PBXBuildFile; fileRef = 0EB9FF1C1E80C10A00AA058E /* Graph.swift */; };
		0EB9FF2E1E80C10A00AA058E /* Kernel.swift in Sources */ = {isa = PBXBuildFile; fileRef = 0EB9FF1D1E80C10A00AA058E /* Kernel.swift */; };
		0EB9FF2F1E80C10A00AA058E /* KMeans.swift in Sources */ = {isa = PBXBuildFile; fileRef = 0EB9FF1E1E80C10A00AA058E /* KMeans.swift */; };
		0EB9FF311E80C10A00AA058E /* LSTMNeuralNetwork.swift in Sources */ = {isa = PBXBuildFile; fileRef = 0EB9FF201E80C10A00AA058E /* LSTMNeuralNetwork.swift */; };
		0EB9FF321E80C10A00AA058E /* MachineLearningProtocols.swift in Sources */ = {isa = PBXBuildFile; fileRef = 0EB9FF211E80C10A00AA058E /* MachineLearningProtocols.swift */; };
		0EB9FF331E80C10A00AA058E /* NeuralNetwork.swift in Sources */ = {isa = PBXBuildFile; fileRef = 0EB9FF221E80C10A00AA058E /* NeuralNetwork.swift */; };
		0EB9FF351E80C10A00AA058E /* PolicyGradient.swift in Sources */ = {isa = PBXBuildFile; fileRef = 0EB9FF241E80C10A00AA058E /* PolicyGradient.swift */; };
		0EB9FF361E80C10A00AA058E /* Queue.swift in Sources */ = {isa = PBXBuildFile; fileRef = 0EB9FF251E80C10A00AA058E /* Queue.swift */; };
		0EB9FF371E80C10A00AA058E /* RecurrentNeuralNetwork.swift in Sources */ = {isa = PBXBuildFile; fileRef = 0EB9FF261E80C10A00AA058E /* RecurrentNeuralNetwork.swift */; };
		0EB9FF381E80C10A00AA058E /* SVM.swift in Sources */ = {isa = PBXBuildFile; fileRef = 0EB9FF271E80C10A00AA058E /* SVM.swift */; };
		0EB9FF391E80C10A00AA058E /* SVMExtensions.swift in Sources */ = {isa = PBXBuildFile; fileRef = 0EB9FF281E80C10A00AA058E /* SVMExtensions.swift */; };
		0EB9FF3A1E80C1E800AA058E /* ConstraintPropogation.swift in Sources */ = {isa = PBXBuildFile; fileRef = 0EB9FF181E80C10A00AA058E /* ConstraintPropogation.swift */; };
		0EB9FF3B1E80C1E800AA058E /* DataSet.swift in Sources */ = {isa = PBXBuildFile; fileRef = 0EB9FF191E80C10A00AA058E /* DataSet.swift */; };
		0EB9FF3C1E80C1E800AA058E /* Gaussian.swift in Sources */ = {isa = PBXBuildFile; fileRef = 0EB9FF1A1E80C10A00AA058E /* Gaussian.swift */; };
		0EB9FF3D1E80C1E800AA058E /* GeneticAlgorithm.swift in Sources */ = {isa = PBXBuildFile; fileRef = 0EB9FF1B1E80C10A00AA058E /* GeneticAlgorithm.swift */; };
		0EB9FF3E1E80C1E800AA058E /* Graph.swift in Sources */ = {isa = PBXBuildFile; fileRef = 0EB9FF1C1E80C10A00AA058E /* Graph.swift */; };
		0EB9FF3F1E80C1E800AA058E /* Kernel.swift in Sources */ = {isa = PBXBuildFile; fileRef = 0EB9FF1D1E80C10A00AA058E /* Kernel.swift */; };
		0EB9FF401E80C1E800AA058E /* KMeans.swift in Sources */ = {isa = PBXBuildFile; fileRef = 0EB9FF1E1E80C10A00AA058E /* KMeans.swift */; };
		0EB9FF411E80C1E800AA058E /* LSTMNeuralNetwork.swift in Sources */ = {isa = PBXBuildFile; fileRef = 0EB9FF201E80C10A00AA058E /* LSTMNeuralNetwork.swift */; };
		0EB9FF421E80C1E800AA058E /* MachineLearningProtocols.swift in Sources */ = {isa = PBXBuildFile; fileRef = 0EB9FF211E80C10A00AA058E /* MachineLearningProtocols.swift */; };
		0EB9FF431E80C1E800AA058E /* NeuralNetwork.swift in Sources */ = {isa = PBXBuildFile; fileRef = 0EB9FF221E80C10A00AA058E /* NeuralNetwork.swift */; };
		0EB9FF441E80C1E800AA058E /* PolicyGradient.swift in Sources */ = {isa = PBXBuildFile; fileRef = 0EB9FF241E80C10A00AA058E /* PolicyGradient.swift */; };
		0EB9FF451E80C1E800AA058E /* Queue.swift in Sources */ = {isa = PBXBuildFile; fileRef = 0EB9FF251E80C10A00AA058E /* Queue.swift */; };
		0EB9FF461E80C1E800AA058E /* RecurrentNeuralNetwork.swift in Sources */ = {isa = PBXBuildFile; fileRef = 0EB9FF261E80C10A00AA058E /* RecurrentNeuralNetwork.swift */; };
		0EB9FF471E80C1E800AA058E /* SVM.swift in Sources */ = {isa = PBXBuildFile; fileRef = 0EB9FF271E80C10A00AA058E /* SVM.swift */; };
		0EB9FF481E80C1E800AA058E /* SVMExtensions.swift in Sources */ = {isa = PBXBuildFile; fileRef = 0EB9FF281E80C10A00AA058E /* SVMExtensions.swift */; };
		0EBA29B11A91350C0012CEC9 /* AIToolbox.h in Headers */ = {isa = PBXBuildFile; fileRef = 0EBA29B01A91350C0012CEC9 /* AIToolbox.h */; settings = {ATTRIBUTES = (Public, ); }; };
		0EBA29B71A91350C0012CEC9 /* AIToolbox.framework in Frameworks */ = {isa = PBXBuildFile; fileRef = 0EBA29AB1A91350C0012CEC9 /* AIToolbox.framework */; };
		0EBA29CA1A9135940012CEC9 /* GraphTests.swift in Sources */ = {isa = PBXBuildFile; fileRef = 0EBA29C91A9135940012CEC9 /* GraphTests.swift */; };
		0EBA29D21A98376F0012CEC9 /* QueueTests.swift in Sources */ = {isa = PBXBuildFile; fileRef = 0EBA29D11A98376F0012CEC9 /* QueueTests.swift */; };
		0ECD88661A9C3F6300049F28 /* AlphaBeta.swift in Sources */ = {isa = PBXBuildFile; fileRef = 0ECD88651A9C3F6300049F28 /* AlphaBeta.swift */; };
		0ECD88681A9C44BD00049F28 /* AlphaBetaTests.swift in Sources */ = {isa = PBXBuildFile; fileRef = 0ECD88671A9C44BD00049F28 /* AlphaBetaTests.swift */; };
		0EDA12131C3F7DAF00F03FDE /* MetalNeuralNetwork.swift in Sources */ = {isa = PBXBuildFile; fileRef = 0EDA12121C3F7DAF00F03FDE /* MetalNeuralNetwork.swift */; };
		0EDA12151C3F813600F03FDE /* MetalNeuralNetworkShaders.metal in Sources */ = {isa = PBXBuildFile; fileRef = 0EDA12141C3F813600F03FDE /* MetalNeuralNetworkShaders.metal */; };
		0EDA12171C435FF700F03FDE /* MetalNeuralNetworkTests.swift in Sources */ = {isa = PBXBuildFile; fileRef = 0EDA12161C435FF700F03FDE /* MetalNeuralNetworkTests.swift */; };
		0EDA12181C435FF700F03FDE /* MetalNeuralNetworkTests.swift in Sources */ = {isa = PBXBuildFile; fileRef = 0EDA12161C435FF700F03FDE /* MetalNeuralNetworkTests.swift */; };
		0EDA12231C48BF5200F03FDE /* MetalNeuralNetwork.swift in Sources */ = {isa = PBXBuildFile; fileRef = 0EDA12121C3F7DAF00F03FDE /* MetalNeuralNetwork.swift */; };
		0EDA12251C49FA9900F03FDE /* MetalNeuralNetworkShaders.swift in Sources */ = {isa = PBXBuildFile; fileRef = 0EDA12241C49FA9900F03FDE /* MetalNeuralNetworkShaders.swift */; };
		0EDA12261C49FA9900F03FDE /* MetalNeuralNetworkShaders.swift in Sources */ = {isa = PBXBuildFile; fileRef = 0EDA12241C49FA9900F03FDE /* MetalNeuralNetworkShaders.swift */; };
		113C07471ED379D900C31415 /* DeepNonLinearity.swift in Sources */ = {isa = PBXBuildFile; fileRef = 113C07461ED379D900C31415 /* DeepNonLinearity.swift */; };
		113C07481ED379D900C31415 /* DeepNonLinearity.swift in Sources */ = {isa = PBXBuildFile; fileRef = 113C07461ED379D900C31415 /* DeepNonLinearity.swift */; };
		FB0D5A301CB010090097590B /* Foundation.framework in Frameworks */ = {isa = PBXBuildFile; fileRef = FB0D5A2E1CB010090097590B /* Foundation.framework */; };
		FB0D5A311CB010090097590B /* UIKit.framework in Frameworks */ = {isa = PBXBuildFile; fileRef = FB0D5A2F1CB010090097590B /* UIKit.framework */; };
/* End PBXBuildFile section */

/* Begin PBXContainerItemProxy section */
		0E0A4F9E1C133E8800AD5AAE /* PBXContainerItemProxy */ = {
			isa = PBXContainerItemProxy;
			containerPortal = 0EBA29A21A91350C0012CEC9 /* Project object */;
			proxyType = 1;
			remoteGlobalIDString = 0E0A4F921C133E8800AD5AAE;
			remoteInfo = AIToolboxIOS;
		};
		0EBA29B81A91350C0012CEC9 /* PBXContainerItemProxy */ = {
			isa = PBXContainerItemProxy;
			containerPortal = 0EBA29A21A91350C0012CEC9 /* Project object */;
			proxyType = 1;
			remoteGlobalIDString = 0EBA29AA1A91350C0012CEC9;
			remoteInfo = AIToolbox;
		};
/* End PBXContainerItemProxy section */

/* Begin PBXFileReference section */
		0E02FB8F1CBC7C5D00C32F9F /* GaussianTests.swift */ = {isa = PBXFileReference; fileEncoding = 4; lastKnownFileType = sourcecode.swift; path = GaussianTests.swift; sourceTree = "<group>"; };
		0E02FB921CBDD35300C32F9F /* MixtureOfGaussians.swift */ = {isa = PBXFileReference; fileEncoding = 4; lastKnownFileType = sourcecode.swift; path = MixtureOfGaussians.swift; sourceTree = "<group>"; };
		0E02FB951CBF10E900C32F9F /* MixtureOfGaussianTests.swift */ = {isa = PBXFileReference; fileEncoding = 4; lastKnownFileType = sourcecode.swift; path = MixtureOfGaussianTests.swift; sourceTree = "<group>"; };
		0E02FB981CC1B22E00C32F9F /* NonLinearRegression.swift */ = {isa = PBXFileReference; fileEncoding = 4; lastKnownFileType = sourcecode.swift; path = NonLinearRegression.swift; sourceTree = "<group>"; };
		0E02FB9B1CC1B25400C32F9F /* NonLinearRegressionTests.swift */ = {isa = PBXFileReference; fileEncoding = 4; lastKnownFileType = sourcecode.swift; path = NonLinearRegressionTests.swift; sourceTree = "<group>"; };
		0E04D00D1DEE6DAC008A5BF7 /* MLUIView.swift */ = {isa = PBXFileReference; fileEncoding = 4; lastKnownFileType = sourcecode.swift; path = MLUIView.swift; sourceTree = "<group>"; };
		0E0A4F931C133E8800AD5AAE /* AIToolbox.framework */ = {isa = PBXFileReference; explicitFileType = wrapper.framework; includeInIndex = 0; path = AIToolbox.framework; sourceTree = BUILT_PRODUCTS_DIR; };
		0E0A4F971C133E8800AD5AAE /* Info.plist */ = {isa = PBXFileReference; lastKnownFileType = text.plist.xml; path = Info.plist; sourceTree = "<group>"; };
		0E0A4F9C1C133E8800AD5AAE /* AIToolboxIOSTests.xctest */ = {isa = PBXFileReference; explicitFileType = wrapper.cfbundle; includeInIndex = 0; path = AIToolboxIOSTests.xctest; sourceTree = BUILT_PRODUCTS_DIR; };
		0E0A4FA31C133E8800AD5AAE /* Info.plist */ = {isa = PBXFileReference; lastKnownFileType = text.plist.xml; path = Info.plist; sourceTree = "<group>"; };
		0E0A4FBF1C14EDC100AD5AAE /* SVMTests.swift */ = {isa = PBXFileReference; fileEncoding = 4; lastKnownFileType = sourcecode.swift; path = SVMTests.swift; sourceTree = "<group>"; };
		0E0E25FD1CA119160087932B /* PrincipalComponantAnalysis.swift */ = {isa = PBXFileReference; fileEncoding = 4; lastKnownFileType = sourcecode.swift; path = PrincipalComponantAnalysis.swift; sourceTree = "<group>"; };
		0E0E26001CA44EA80087932B /* PCATests.swift */ = {isa = PBXFileReference; fileEncoding = 4; lastKnownFileType = sourcecode.swift; path = PCATests.swift; sourceTree = "<group>"; };
		0E12025D1D0490AD0072257B /* LSTMTests.swift */ = {isa = PBXFileReference; fileEncoding = 4; lastKnownFileType = sourcecode.swift; path = LSTMTests.swift; sourceTree = "<group>"; };
		0E3CB59F1CCD30AE008ABA4E /* Validation.swift */ = {isa = PBXFileReference; fileEncoding = 4; lastKnownFileType = sourcecode.swift; path = Validation.swift; sourceTree = "<group>"; };
		0E3CB5A21CCD30D3008ABA4E /* ValidationTests.swift */ = {isa = PBXFileReference; fileEncoding = 4; lastKnownFileType = sourcecode.swift; path = ValidationTests.swift; sourceTree = "<group>"; };
		0E3CB5AA1CE6C9FB008ABA4E /* LogisticRegression.swift */ = {isa = PBXFileReference; fileEncoding = 4; lastKnownFileType = sourcecode.swift; path = LogisticRegression.swift; sourceTree = "<group>"; };
		0E3CB5AD1CE6CA26008ABA4E /* LogisticRegressionTests.swift */ = {isa = PBXFileReference; fileEncoding = 4; lastKnownFileType = sourcecode.swift; path = LogisticRegressionTests.swift; sourceTree = "<group>"; };
		0E5544571AAAC58E00BF5FAD /* ConstraintPropogationTests.swift */ = {isa = PBXFileReference; fileEncoding = 4; lastKnownFileType = sourcecode.swift; path = ConstraintPropogationTests.swift; sourceTree = "<group>"; };
		0E8C9F7C1C9BB0B000F88E34 /* KMeansTest.swift */ = {isa = PBXFileReference; fileEncoding = 4; lastKnownFileType = sourcecode.swift; path = KMeansTest.swift; sourceTree = "<group>"; };
		0EA300F01DB2951A009CB319 /* Convolution.swift */ = {isa = PBXFileReference; fileEncoding = 4; lastKnownFileType = sourcecode.swift; path = Convolution.swift; sourceTree = "<group>"; };
		0EA300F11DB2951A009CB319 /* DeepChannel.swift */ = {isa = PBXFileReference; fileEncoding = 4; lastKnownFileType = sourcecode.swift; path = DeepChannel.swift; sourceTree = "<group>"; };
		0EA300F21DB2951A009CB319 /* DeepLayer.swift */ = {isa = PBXFileReference; fileEncoding = 4; lastKnownFileType = sourcecode.swift; path = DeepLayer.swift; sourceTree = "<group>"; };
		0EA300F31DB2951A009CB319 /* DeepNetwork.swift */ = {isa = PBXFileReference; fileEncoding = 4; lastKnownFileType = sourcecode.swift; path = DeepNetwork.swift; sourceTree = "<group>"; };
		0EA300F41DB2951A009CB319 /* DeepNetworkOperator.swift */ = {isa = PBXFileReference; fileEncoding = 4; lastKnownFileType = sourcecode.swift; path = DeepNetworkOperator.swift; sourceTree = "<group>"; };
		0EA300F51DB2951A009CB319 /* DeepNeuralNetwork.swift */ = {isa = PBXFileReference; fileEncoding = 4; lastKnownFileType = sourcecode.swift; path = DeepNeuralNetwork.swift; sourceTree = "<group>"; };
		0EA300F61DB2951A009CB319 /* MLPersistenceProtocol.swift */ = {isa = PBXFileReference; fileEncoding = 4; lastKnownFileType = sourcecode.swift; path = MLPersistenceProtocol.swift; sourceTree = "<group>"; };
		0EA300F71DB2951A009CB319 /* Pooling.swift */ = {isa = PBXFileReference; fileEncoding = 4; lastKnownFileType = sourcecode.swift; path = Pooling.swift; sourceTree = "<group>"; };
		0EA301051DB4767B009CB319 /* DeepNetworkTests.swift */ = {isa = PBXFileReference; fileEncoding = 4; lastKnownFileType = sourcecode.swift; path = DeepNetworkTests.swift; sourceTree = "<group>"; };
		0EA941AC1BD5F80E006BAECD /* NeuralNetworkTests.swift */ = {isa = PBXFileReference; fileEncoding = 4; lastKnownFileType = sourcecode.swift; path = NeuralNetworkTests.swift; sourceTree = "<group>"; };
		0EAAFD461CA9F37E0062EBD5 /* MarkovDecisionProcess.swift */ = {isa = PBXFileReference; fileEncoding = 4; lastKnownFileType = sourcecode.swift; path = MarkovDecisionProcess.swift; sourceTree = "<group>"; };
		0EAAFD491CA9F3BD0062EBD5 /* MDPTests.swift */ = {isa = PBXFileReference; fileEncoding = 4; lastKnownFileType = sourcecode.swift; path = MDPTests.swift; sourceTree = "<group>"; };
		0EAAFD691CB33D4F0062EBD5 /* LinearRegression.swift */ = {isa = PBXFileReference; fileEncoding = 4; lastKnownFileType = sourcecode.swift; path = LinearRegression.swift; sourceTree = "<group>"; };
		0EAAFD6C1CB33DA10062EBD5 /* LinearRegressionTests.swift */ = {isa = PBXFileReference; fileEncoding = 4; lastKnownFileType = sourcecode.swift; path = LinearRegressionTests.swift; sourceTree = "<group>"; };
		0EB34A3A1CF9408C006F5CE5 /* MLView.swift */ = {isa = PBXFileReference; fileEncoding = 4; lastKnownFileType = sourcecode.swift; path = MLView.swift; sourceTree = "<group>"; };
		0EB9FF181E80C10A00AA058E /* ConstraintPropogation.swift */ = {isa = PBXFileReference; fileEncoding = 4; lastKnownFileType = sourcecode.swift; name = ConstraintPropogation.swift; path = Package/ConstraintPropogation.swift; sourceTree = "<group>"; };
		0EB9FF191E80C10A00AA058E /* DataSet.swift */ = {isa = PBXFileReference; fileEncoding = 4; lastKnownFileType = sourcecode.swift; name = DataSet.swift; path = Package/DataSet.swift; sourceTree = "<group>"; };
		0EB9FF1A1E80C10A00AA058E /* Gaussian.swift */ = {isa = PBXFileReference; fileEncoding = 4; lastKnownFileType = sourcecode.swift; name = Gaussian.swift; path = Package/Gaussian.swift; sourceTree = "<group>"; };
		0EB9FF1B1E80C10A00AA058E /* GeneticAlgorithm.swift */ = {isa = PBXFileReference; fileEncoding = 4; lastKnownFileType = sourcecode.swift; name = GeneticAlgorithm.swift; path = Package/GeneticAlgorithm.swift; sourceTree = "<group>"; };
		0EB9FF1C1E80C10A00AA058E /* Graph.swift */ = {isa = PBXFileReference; fileEncoding = 4; lastKnownFileType = sourcecode.swift; name = Graph.swift; path = Package/Graph.swift; sourceTree = "<group>"; };
		0EB9FF1D1E80C10A00AA058E /* Kernel.swift */ = {isa = PBXFileReference; fileEncoding = 4; lastKnownFileType = sourcecode.swift; name = Kernel.swift; path = Package/Kernel.swift; sourceTree = "<group>"; };
		0EB9FF1E1E80C10A00AA058E /* KMeans.swift */ = {isa = PBXFileReference; fileEncoding = 4; lastKnownFileType = sourcecode.swift; name = KMeans.swift; path = Package/KMeans.swift; sourceTree = "<group>"; };
		0EB9FF201E80C10A00AA058E /* LSTMNeuralNetwork.swift */ = {isa = PBXFileReference; fileEncoding = 4; lastKnownFileType = sourcecode.swift; name = LSTMNeuralNetwork.swift; path = Package/LSTMNeuralNetwork.swift; sourceTree = "<group>"; };
		0EB9FF211E80C10A00AA058E /* MachineLearningProtocols.swift */ = {isa = PBXFileReference; fileEncoding = 4; lastKnownFileType = sourcecode.swift; name = MachineLearningProtocols.swift; path = Package/MachineLearningProtocols.swift; sourceTree = "<group>"; };
		0EB9FF221E80C10A00AA058E /* NeuralNetwork.swift */ = {isa = PBXFileReference; fileEncoding = 4; lastKnownFileType = sourcecode.swift; name = NeuralNetwork.swift; path = Package/NeuralNetwork.swift; sourceTree = "<group>"; };
		0EB9FF241E80C10A00AA058E /* PolicyGradient.swift */ = {isa = PBXFileReference; fileEncoding = 4; lastKnownFileType = sourcecode.swift; name = PolicyGradient.swift; path = Package/PolicyGradient.swift; sourceTree = "<group>"; };
		0EB9FF251E80C10A00AA058E /* Queue.swift */ = {isa = PBXFileReference; fileEncoding = 4; lastKnownFileType = sourcecode.swift; name = Queue.swift; path = Package/Queue.swift; sourceTree = "<group>"; };
		0EB9FF261E80C10A00AA058E /* RecurrentNeuralNetwork.swift */ = {isa = PBXFileReference; fileEncoding = 4; lastKnownFileType = sourcecode.swift; name = RecurrentNeuralNetwork.swift; path = Package/RecurrentNeuralNetwork.swift; sourceTree = "<group>"; };
		0EB9FF271E80C10A00AA058E /* SVM.swift */ = {isa = PBXFileReference; fileEncoding = 4; lastKnownFileType = sourcecode.swift; name = SVM.swift; path = Package/SVM.swift; sourceTree = "<group>"; };
		0EB9FF281E80C10A00AA058E /* SVMExtensions.swift */ = {isa = PBXFileReference; fileEncoding = 4; lastKnownFileType = sourcecode.swift; name = SVMExtensions.swift; path = Package/SVMExtensions.swift; sourceTree = "<group>"; };
		0EBA29AB1A91350C0012CEC9 /* AIToolbox.framework */ = {isa = PBXFileReference; explicitFileType = wrapper.framework; includeInIndex = 0; path = AIToolbox.framework; sourceTree = BUILT_PRODUCTS_DIR; };
		0EBA29AF1A91350C0012CEC9 /* Info.plist */ = {isa = PBXFileReference; lastKnownFileType = text.plist.xml; path = Info.plist; sourceTree = "<group>"; };
		0EBA29B01A91350C0012CEC9 /* AIToolbox.h */ = {isa = PBXFileReference; lastKnownFileType = sourcecode.c.h; path = AIToolbox.h; sourceTree = "<group>"; };
		0EBA29B61A91350C0012CEC9 /* AIToolboxTests.xctest */ = {isa = PBXFileReference; explicitFileType = wrapper.cfbundle; includeInIndex = 0; path = AIToolboxTests.xctest; sourceTree = BUILT_PRODUCTS_DIR; };
		0EBA29BC1A91350C0012CEC9 /* Info.plist */ = {isa = PBXFileReference; lastKnownFileType = text.plist.xml; path = Info.plist; sourceTree = "<group>"; };
		0EBA29C91A9135940012CEC9 /* GraphTests.swift */ = {isa = PBXFileReference; fileEncoding = 4; lastKnownFileType = sourcecode.swift; path = GraphTests.swift; sourceTree = "<group>"; };
		0EBA29D11A98376F0012CEC9 /* QueueTests.swift */ = {isa = PBXFileReference; fileEncoding = 4; lastKnownFileType = sourcecode.swift; path = QueueTests.swift; sourceTree = "<group>"; };
		0ECD88651A9C3F6300049F28 /* AlphaBeta.swift */ = {isa = PBXFileReference; fileEncoding = 4; lastKnownFileType = sourcecode.swift; path = AlphaBeta.swift; sourceTree = "<group>"; };
		0ECD88671A9C44BD00049F28 /* AlphaBetaTests.swift */ = {isa = PBXFileReference; fileEncoding = 4; lastKnownFileType = sourcecode.swift; path = AlphaBetaTests.swift; sourceTree = "<group>"; };
		0EDA12121C3F7DAF00F03FDE /* MetalNeuralNetwork.swift */ = {isa = PBXFileReference; fileEncoding = 4; lastKnownFileType = sourcecode.swift; path = MetalNeuralNetwork.swift; sourceTree = "<group>"; };
		0EDA12141C3F813600F03FDE /* MetalNeuralNetworkShaders.metal */ = {isa = PBXFileReference; fileEncoding = 4; lastKnownFileType = sourcecode.metal; path = MetalNeuralNetworkShaders.metal; sourceTree = "<group>"; };
		0EDA12161C435FF700F03FDE /* MetalNeuralNetworkTests.swift */ = {isa = PBXFileReference; fileEncoding = 4; lastKnownFileType = sourcecode.swift; path = MetalNeuralNetworkTests.swift; sourceTree = "<group>"; };
		0EDA12241C49FA9900F03FDE /* MetalNeuralNetworkShaders.swift */ = {isa = PBXFileReference; fileEncoding = 4; lastKnownFileType = sourcecode.swift; path = MetalNeuralNetworkShaders.swift; sourceTree = "<group>"; };
		113C07461ED379D900C31415 /* DeepNonLinearity.swift */ = {isa = PBXFileReference; fileEncoding = 4; lastKnownFileType = sourcecode.swift; path = DeepNonLinearity.swift; sourceTree = "<group>"; };
		FB0D5A2E1CB010090097590B /* Foundation.framework */ = {isa = PBXFileReference; lastKnownFileType = wrapper.framework; name = Foundation.framework; path = Platforms/iPhoneOS.platform/Developer/SDKs/iPhoneOS9.3.sdk/System/Library/Frameworks/Foundation.framework; sourceTree = DEVELOPER_DIR; };
		FB0D5A2F1CB010090097590B /* UIKit.framework */ = {isa = PBXFileReference; lastKnownFileType = wrapper.framework; name = UIKit.framework; path = Platforms/iPhoneOS.platform/Developer/SDKs/iPhoneOS9.3.sdk/System/Library/Frameworks/UIKit.framework; sourceTree = DEVELOPER_DIR; };
/* End PBXFileReference section */

/* Begin PBXFrameworksBuildPhase section */
		0E0A4F8F1C133E8800AD5AAE /* Frameworks */ = {
			isa = PBXFrameworksBuildPhase;
			buildActionMask = 2147483647;
			files = (
				FB0D5A301CB010090097590B /* Foundation.framework in Frameworks */,
				FB0D5A311CB010090097590B /* UIKit.framework in Frameworks */,
			);
			runOnlyForDeploymentPostprocessing = 0;
		};
		0E0A4F991C133E8800AD5AAE /* Frameworks */ = {
			isa = PBXFrameworksBuildPhase;
			buildActionMask = 2147483647;
			files = (
				0E0A4F9D1C133E8800AD5AAE /* AIToolbox.framework in Frameworks */,
			);
			runOnlyForDeploymentPostprocessing = 0;
		};
		0EBA29A71A91350C0012CEC9 /* Frameworks */ = {
			isa = PBXFrameworksBuildPhase;
			buildActionMask = 2147483647;
			files = (
			);
			runOnlyForDeploymentPostprocessing = 0;
		};
		0EBA29B31A91350C0012CEC9 /* Frameworks */ = {
			isa = PBXFrameworksBuildPhase;
			buildActionMask = 2147483647;
			files = (
				0EBA29B71A91350C0012CEC9 /* AIToolbox.framework in Frameworks */,
			);
			runOnlyForDeploymentPostprocessing = 0;
		};
/* End PBXFrameworksBuildPhase section */

/* Begin PBXGroup section */
		0E0A4F941C133E8800AD5AAE /* AIToolboxIOS */ = {
			isa = PBXGroup;
			children = (
				0E04D00D1DEE6DAC008A5BF7 /* MLUIView.swift */,
				0E0A4FAC1C1340E300AD5AAE /* Supporting Files */,
			);
			path = AIToolboxIOS;
			sourceTree = "<group>";
		};
		0E0A4FA01C133E8800AD5AAE /* AIToolboxIOSTests */ = {
			isa = PBXGroup;
			children = (
				0E0A4FAD1C1340EF00AD5AAE /* Supporting Files */,
			);
			path = AIToolboxIOSTests;
			sourceTree = "<group>";
		};
		0E0A4FAC1C1340E300AD5AAE /* Supporting Files */ = {
			isa = PBXGroup;
			children = (
				0E0A4F971C133E8800AD5AAE /* Info.plist */,
			);
			name = "Supporting Files";
			sourceTree = "<group>";
		};
		0E0A4FAD1C1340EF00AD5AAE /* Supporting Files */ = {
			isa = PBXGroup;
			children = (
				0E0A4FA31C133E8800AD5AAE /* Info.plist */,
			);
			name = "Supporting Files";
			sourceTree = "<group>";
		};
		0EB9FF171E80C0EA00AA058E /* Package */ = {
			isa = PBXGroup;
			children = (
				0EB9FF181E80C10A00AA058E /* ConstraintPropogation.swift */,
				0EB9FF191E80C10A00AA058E /* DataSet.swift */,
				0EB9FF1A1E80C10A00AA058E /* Gaussian.swift */,
				0EB9FF1B1E80C10A00AA058E /* GeneticAlgorithm.swift */,
				0EB9FF1C1E80C10A00AA058E /* Graph.swift */,
				0EB9FF1D1E80C10A00AA058E /* Kernel.swift */,
				0EB9FF1E1E80C10A00AA058E /* KMeans.swift */,
				0EB9FF201E80C10A00AA058E /* LSTMNeuralNetwork.swift */,
				0EB9FF211E80C10A00AA058E /* MachineLearningProtocols.swift */,
				0EB9FF221E80C10A00AA058E /* NeuralNetwork.swift */,
				0EB9FF241E80C10A00AA058E /* PolicyGradient.swift */,
				0EB9FF251E80C10A00AA058E /* Queue.swift */,
				0EB9FF261E80C10A00AA058E /* RecurrentNeuralNetwork.swift */,
				0EB9FF271E80C10A00AA058E /* SVM.swift */,
				0EB9FF281E80C10A00AA058E /* SVMExtensions.swift */,
			);
			name = Package;
			sourceTree = "<group>";
		};
		0EBA29A11A91350C0012CEC9 = {
			isa = PBXGroup;
			children = (
				0EB9FF171E80C0EA00AA058E /* Package */,
				FB0D5A2E1CB010090097590B /* Foundation.framework */,
				FB0D5A2F1CB010090097590B /* UIKit.framework */,
				0EBA29AD1A91350C0012CEC9 /* AIToolbox */,
				0EBA29BA1A91350C0012CEC9 /* AIToolboxTests */,
				0E0A4F941C133E8800AD5AAE /* AIToolboxIOS */,
				0E0A4FA01C133E8800AD5AAE /* AIToolboxIOSTests */,
				0EBA29AC1A91350C0012CEC9 /* Products */,
			);
			sourceTree = "<group>";
		};
		0EBA29AC1A91350C0012CEC9 /* Products */ = {
			isa = PBXGroup;
			children = (
				0EBA29AB1A91350C0012CEC9 /* AIToolbox.framework */,
				0EBA29B61A91350C0012CEC9 /* AIToolboxTests.xctest */,
				0E0A4F931C133E8800AD5AAE /* AIToolbox.framework */,
				0E0A4F9C1C133E8800AD5AAE /* AIToolboxIOSTests.xctest */,
			);
			name = Products;
			sourceTree = "<group>";
		};
		0EBA29AD1A91350C0012CEC9 /* AIToolbox */ = {
			isa = PBXGroup;
			children = (
				0ECD88651A9C3F6300049F28 /* AlphaBeta.swift */,
				0EDA12121C3F7DAF00F03FDE /* MetalNeuralNetwork.swift */,
				0EDA12141C3F813600F03FDE /* MetalNeuralNetworkShaders.metal */,
				0EDA12241C49FA9900F03FDE /* MetalNeuralNetworkShaders.swift */,
				0E0E25FD1CA119160087932B /* PrincipalComponantAnalysis.swift */,
				0EAAFD461CA9F37E0062EBD5 /* MarkovDecisionProcess.swift */,
				0EAAFD691CB33D4F0062EBD5 /* LinearRegression.swift */,
				0E02FB921CBDD35300C32F9F /* MixtureOfGaussians.swift */,
				0E02FB981CC1B22E00C32F9F /* NonLinearRegression.swift */,
				0E3CB59F1CCD30AE008ABA4E /* Validation.swift */,
				0E3CB5AA1CE6C9FB008ABA4E /* LogisticRegression.swift */,
				0EA300F01DB2951A009CB319 /* Convolution.swift */,
				0EA300F11DB2951A009CB319 /* DeepChannel.swift */,
				0EA300F21DB2951A009CB319 /* DeepLayer.swift */,
				0EA300F31DB2951A009CB319 /* DeepNetwork.swift */,
				0EA300F41DB2951A009CB319 /* DeepNetworkOperator.swift */,
				0EA300F51DB2951A009CB319 /* DeepNeuralNetwork.swift */,
				113C07461ED379D900C31415 /* DeepNonLinearity.swift */,
				0EA300F61DB2951A009CB319 /* MLPersistenceProtocol.swift */,
				0EA300F71DB2951A009CB319 /* Pooling.swift */,
				0EB34A3A1CF9408C006F5CE5 /* MLView.swift */,
				0EBA29AE1A91350C0012CEC9 /* Supporting Files */,
			);
			path = AIToolbox;
			sourceTree = "<group>";
		};
		0EBA29AE1A91350C0012CEC9 /* Supporting Files */ = {
			isa = PBXGroup;
			children = (
				0EBA29B01A91350C0012CEC9 /* AIToolbox.h */,
				0EBA29AF1A91350C0012CEC9 /* Info.plist */,
			);
			name = "Supporting Files";
			sourceTree = "<group>";
		};
		0EBA29BA1A91350C0012CEC9 /* AIToolboxTests */ = {
			isa = PBXGroup;
			children = (
				0EBA29D11A98376F0012CEC9 /* QueueTests.swift */,
				0EBA29C91A9135940012CEC9 /* GraphTests.swift */,
				0ECD88671A9C44BD00049F28 /* AlphaBetaTests.swift */,
				0E5544571AAAC58E00BF5FAD /* ConstraintPropogationTests.swift */,
				0EA941AC1BD5F80E006BAECD /* NeuralNetworkTests.swift */,
				0E0A4FBF1C14EDC100AD5AAE /* SVMTests.swift */,
				0EDA12161C435FF700F03FDE /* MetalNeuralNetworkTests.swift */,
				0E8C9F7C1C9BB0B000F88E34 /* KMeansTest.swift */,
				0E0E26001CA44EA80087932B /* PCATests.swift */,
				0EAAFD491CA9F3BD0062EBD5 /* MDPTests.swift */,
				0EAAFD6C1CB33DA10062EBD5 /* LinearRegressionTests.swift */,
				0E02FB8F1CBC7C5D00C32F9F /* GaussianTests.swift */,
				0E02FB951CBF10E900C32F9F /* MixtureOfGaussianTests.swift */,
				0E02FB9B1CC1B25400C32F9F /* NonLinearRegressionTests.swift */,
				0E3CB5A21CCD30D3008ABA4E /* ValidationTests.swift */,
				0E3CB5AD1CE6CA26008ABA4E /* LogisticRegressionTests.swift */,
				0E12025D1D0490AD0072257B /* LSTMTests.swift */,
				0EA301051DB4767B009CB319 /* DeepNetworkTests.swift */,
				0EBA29BB1A91350C0012CEC9 /* Supporting Files */,
			);
			path = AIToolboxTests;
			sourceTree = "<group>";
		};
		0EBA29BB1A91350C0012CEC9 /* Supporting Files */ = {
			isa = PBXGroup;
			children = (
				0EBA29BC1A91350C0012CEC9 /* Info.plist */,
			);
			name = "Supporting Files";
			sourceTree = "<group>";
		};
/* End PBXGroup section */

/* Begin PBXHeadersBuildPhase section */
		0E0A4F901C133E8800AD5AAE /* Headers */ = {
			isa = PBXHeadersBuildPhase;
			buildActionMask = 2147483647;
			files = (
			);
			runOnlyForDeploymentPostprocessing = 0;
		};
		0EBA29A81A91350C0012CEC9 /* Headers */ = {
			isa = PBXHeadersBuildPhase;
			buildActionMask = 2147483647;
			files = (
				0EBA29B11A91350C0012CEC9 /* AIToolbox.h in Headers */,
			);
			runOnlyForDeploymentPostprocessing = 0;
		};
/* End PBXHeadersBuildPhase section */

/* Begin PBXNativeTarget section */
		0E0A4F921C133E8800AD5AAE /* AIToolboxIOS */ = {
			isa = PBXNativeTarget;
			buildConfigurationList = 0E0A4FA81C133E8800AD5AAE /* Build configuration list for PBXNativeTarget "AIToolboxIOS" */;
			buildPhases = (
				0E0A4F8E1C133E8800AD5AAE /* Sources */,
				0E0A4F8F1C133E8800AD5AAE /* Frameworks */,
				0E0A4F901C133E8800AD5AAE /* Headers */,
				0E0A4F911C133E8800AD5AAE /* Resources */,
			);
			buildRules = (
			);
			dependencies = (
			);
			name = AIToolboxIOS;
			productName = AIToolboxIOS;
			productReference = 0E0A4F931C133E8800AD5AAE /* AIToolbox.framework */;
			productType = "com.apple.product-type.framework";
		};
		0E0A4F9B1C133E8800AD5AAE /* AIToolboxIOSTests */ = {
			isa = PBXNativeTarget;
			buildConfigurationList = 0E0A4FA91C133E8800AD5AAE /* Build configuration list for PBXNativeTarget "AIToolboxIOSTests" */;
			buildPhases = (
				0E0A4F981C133E8800AD5AAE /* Sources */,
				0E0A4F991C133E8800AD5AAE /* Frameworks */,
				0E0A4F9A1C133E8800AD5AAE /* Resources */,
			);
			buildRules = (
			);
			dependencies = (
				0E0A4F9F1C133E8800AD5AAE /* PBXTargetDependency */,
			);
			name = AIToolboxIOSTests;
			productName = AIToolboxIOSTests;
			productReference = 0E0A4F9C1C133E8800AD5AAE /* AIToolboxIOSTests.xctest */;
			productType = "com.apple.product-type.bundle.unit-test";
		};
		0EBA29AA1A91350C0012CEC9 /* AIToolbox */ = {
			isa = PBXNativeTarget;
			buildConfigurationList = 0EBA29C11A91350C0012CEC9 /* Build configuration list for PBXNativeTarget "AIToolbox" */;
			buildPhases = (
				0EBA29A61A91350C0012CEC9 /* Sources */,
				0EBA29A71A91350C0012CEC9 /* Frameworks */,
				0EBA29A81A91350C0012CEC9 /* Headers */,
				0EBA29A91A91350C0012CEC9 /* Resources */,
			);
			buildRules = (
			);
			dependencies = (
			);
			name = AIToolbox;
			productName = AIToolbox;
			productReference = 0EBA29AB1A91350C0012CEC9 /* AIToolbox.framework */;
			productType = "com.apple.product-type.framework";
		};
		0EBA29B51A91350C0012CEC9 /* AIToolboxTests */ = {
			isa = PBXNativeTarget;
			buildConfigurationList = 0EBA29C41A91350C0012CEC9 /* Build configuration list for PBXNativeTarget "AIToolboxTests" */;
			buildPhases = (
				0EBA29B21A91350C0012CEC9 /* Sources */,
				0EBA29B31A91350C0012CEC9 /* Frameworks */,
				0EBA29B41A91350C0012CEC9 /* Resources */,
			);
			buildRules = (
			);
			dependencies = (
				0EBA29B91A91350C0012CEC9 /* PBXTargetDependency */,
			);
			name = AIToolboxTests;
			productName = AIToolboxTests;
			productReference = 0EBA29B61A91350C0012CEC9 /* AIToolboxTests.xctest */;
			productType = "com.apple.product-type.bundle.unit-test";
		};
/* End PBXNativeTarget section */

/* Begin PBXProject section */
		0EBA29A21A91350C0012CEC9 /* Project object */ = {
			isa = PBXProject;
			attributes = {
				LastSwiftMigration = 0700;
				LastSwiftUpdateCheck = 0710;
				LastUpgradeCheck = 1160;
				ORGANIZATIONNAME = "Kevin Coble";
				TargetAttributes = {
					0E0A4F921C133E8800AD5AAE = {
						CreatedOnToolsVersion = 7.1.1;
					};
					0E0A4F9B1C133E8800AD5AAE = {
						CreatedOnToolsVersion = 7.1.1;
						LastSwiftMigration = 0820;
					};
					0EBA29AA1A91350C0012CEC9 = {
						CreatedOnToolsVersion = 6.3;
						LastSwiftMigration = 1160;
					};
					0EBA29B51A91350C0012CEC9 = {
						CreatedOnToolsVersion = 6.3;
						LastSwiftMigration = 1160;
					};
				};
			};
			buildConfigurationList = 0EBA29A51A91350C0012CEC9 /* Build configuration list for PBXProject "AIToolbox" */;
			compatibilityVersion = "Xcode 3.2";
			developmentRegion = en;
			hasScannedForEncodings = 0;
			knownRegions = (
				en,
				Base,
			);
			mainGroup = 0EBA29A11A91350C0012CEC9;
			productRefGroup = 0EBA29AC1A91350C0012CEC9 /* Products */;
			projectDirPath = "";
			projectRoot = "";
			targets = (
				0EBA29AA1A91350C0012CEC9 /* AIToolbox */,
				0EBA29B51A91350C0012CEC9 /* AIToolboxTests */,
				0E0A4F921C133E8800AD5AAE /* AIToolboxIOS */,
				0E0A4F9B1C133E8800AD5AAE /* AIToolboxIOSTests */,
			);
		};
/* End PBXProject section */

/* Begin PBXResourcesBuildPhase section */
		0E0A4F911C133E8800AD5AAE /* Resources */ = {
			isa = PBXResourcesBuildPhase;
			buildActionMask = 2147483647;
			files = (
			);
			runOnlyForDeploymentPostprocessing = 0;
		};
		0E0A4F9A1C133E8800AD5AAE /* Resources */ = {
			isa = PBXResourcesBuildPhase;
			buildActionMask = 2147483647;
			files = (
			);
			runOnlyForDeploymentPostprocessing = 0;
		};
		0EBA29A91A91350C0012CEC9 /* Resources */ = {
			isa = PBXResourcesBuildPhase;
			buildActionMask = 2147483647;
			files = (
			);
			runOnlyForDeploymentPostprocessing = 0;
		};
		0EBA29B41A91350C0012CEC9 /* Resources */ = {
			isa = PBXResourcesBuildPhase;
			buildActionMask = 2147483647;
			files = (
			);
			runOnlyForDeploymentPostprocessing = 0;
		};
/* End PBXResourcesBuildPhase section */

/* Begin PBXSourcesBuildPhase section */
		0E0A4F8E1C133E8800AD5AAE /* Sources */ = {
			isa = PBXSourcesBuildPhase;
			buildActionMask = 2147483647;
			files = (
				0EB9FF3E1E80C1E800AA058E /* Graph.swift in Sources */,
				0E04D0171DEE6F11008A5BF7 /* Convolution.swift in Sources */,
				0EB9FF461E80C1E800AA058E /* RecurrentNeuralNetwork.swift in Sources */,
				0EB9FF471E80C1E800AA058E /* SVM.swift in Sources */,
				0E04D01D1DEE6F1D008A5BF7 /* DeepNetwork.swift in Sources */,
				0E0E25FF1CA119160087932B /* PrincipalComponantAnalysis.swift in Sources */,
				0E04D0211DEE6F25008A5BF7 /* DeepNeuralNetwork.swift in Sources */,
				113C07481ED379D900C31415 /* DeepNonLinearity.swift in Sources */,
				0E04D01F1DEE6F21008A5BF7 /* DeepNetworkOperator.swift in Sources */,
				0E04D0231DEE6F2B008A5BF7 /* MLPersistenceProtocol.swift in Sources */,
				0E3CB5AC1CE6C9FB008ABA4E /* LogisticRegression.swift in Sources */,
				0EB9FF481E80C1E800AA058E /* SVMExtensions.swift in Sources */,
				0EB9FF3D1E80C1E800AA058E /* GeneticAlgorithm.swift in Sources */,
				0E04D0191DEE6F16008A5BF7 /* DeepChannel.swift in Sources */,
				0EB9FF3F1E80C1E800AA058E /* Kernel.swift in Sources */,
				0E0A4FB01C1342D700AD5AAE /* AlphaBeta.swift in Sources */,
				0EB9FF401E80C1E800AA058E /* KMeans.swift in Sources */,
				0EB9FF3A1E80C1E800AA058E /* ConstraintPropogation.swift in Sources */,
				0EB9FF431E80C1E800AA058E /* NeuralNetwork.swift in Sources */,
				0EB9FF3C1E80C1E800AA058E /* Gaussian.swift in Sources */,
				0E02FB9A1CC1B22E00C32F9F /* NonLinearRegression.swift in Sources */,
				0EDA12231C48BF5200F03FDE /* MetalNeuralNetwork.swift in Sources */,
				0EB9FF3B1E80C1E800AA058E /* DataSet.swift in Sources */,
				0EB9FF441E80C1E800AA058E /* PolicyGradient.swift in Sources */,
				0EB9FF451E80C1E800AA058E /* Queue.swift in Sources */,
				0E02FB941CBDD35300C32F9F /* MixtureOfGaussians.swift in Sources */,
				0EB9FF421E80C1E800AA058E /* MachineLearningProtocols.swift in Sources */,
				0E04D00E1DEE6DAC008A5BF7 /* MLUIView.swift in Sources */,
				0EDA12261C49FA9900F03FDE /* MetalNeuralNetworkShaders.swift in Sources */,
				0E3CB5A11CCD30AE008ABA4E /* Validation.swift in Sources */,
				0EAAFD6B1CB33D4F0062EBD5 /* LinearRegression.swift in Sources */,
				0E04D01B1DEE6F19008A5BF7 /* DeepLayer.swift in Sources */,
				0EAAFD481CA9F37E0062EBD5 /* MarkovDecisionProcess.swift in Sources */,
				0EB9FF411E80C1E800AA058E /* LSTMNeuralNetwork.swift in Sources */,
				0E04D0251DEE6F2F008A5BF7 /* Pooling.swift in Sources */,
			);
			runOnlyForDeploymentPostprocessing = 0;
		};
		0E0A4F981C133E8800AD5AAE /* Sources */ = {
			isa = PBXSourcesBuildPhase;
			buildActionMask = 2147483647;
			files = (
				0E0A4FB61C1342EF00AD5AAE /* AlphaBetaTests.swift in Sources */,
				0E0A4FB81C1342F500AD5AAE /* NeuralNetworkTests.swift in Sources */,
				0E12025F1D0490AD0072257B /* LSTMTests.swift in Sources */,
				0E02FB971CBF10E900C32F9F /* MixtureOfGaussianTests.swift in Sources */,
				0E8C9F7E1C9BB0B000F88E34 /* KMeansTest.swift in Sources */,
				0E3CB5A41CCD30D3008ABA4E /* ValidationTests.swift in Sources */,
				0E0E26021CA44EA80087932B /* PCATests.swift in Sources */,
				0E0A4FC11C14EDC100AD5AAE /* SVMTests.swift in Sources */,
				0EA301071DB4767B009CB319 /* DeepNetworkTests.swift in Sources */,
				0EAAFD4B1CA9F3BD0062EBD5 /* MDPTests.swift in Sources */,
				0E0A4FB51C1342EB00AD5AAE /* GraphTests.swift in Sources */,
				0EDA12181C435FF700F03FDE /* MetalNeuralNetworkTests.swift in Sources */,
				0E3CB5AF1CE6CA26008ABA4E /* LogisticRegressionTests.swift in Sources */,
				0E02FB911CBC7C5D00C32F9F /* GaussianTests.swift in Sources */,
				0EAAFD6E1CB33DA10062EBD5 /* LinearRegressionTests.swift in Sources */,
				0E0A4FB71C1342F200AD5AAE /* ConstraintPropogationTests.swift in Sources */,
				0E0A4FB41C1342E800AD5AAE /* QueueTests.swift in Sources */,
				0E02FB9D1CC1B25400C32F9F /* NonLinearRegressionTests.swift in Sources */,
			);
			runOnlyForDeploymentPostprocessing = 0;
		};
		0EBA29A61A91350C0012CEC9 /* Sources */ = {
			isa = PBXSourcesBuildPhase;
			buildActionMask = 2147483647;
			files = (
				0EB9FF391E80C10A00AA058E /* SVMExtensions.swift in Sources */,
				0EA300FF1DB2951A009CB319 /* Pooling.swift in Sources */,
				0EA300FE1DB2951A009CB319 /* MLPersistenceProtocol.swift in Sources */,
				0E0E25FE1CA119160087932B /* PrincipalComponantAnalysis.swift in Sources */,
				0EA300FD1DB2951A009CB319 /* DeepNeuralNetwork.swift in Sources */,
				0EB9FF311E80C10A00AA058E /* LSTMNeuralNetwork.swift in Sources */,
				0EB9FF331E80C10A00AA058E /* NeuralNetwork.swift in Sources */,
				0EA300FB1DB2951A009CB319 /* DeepNetwork.swift in Sources */,
				0E3CB5A01CCD30AE008ABA4E /* Validation.swift in Sources */,
				0EB9FF351E80C10A00AA058E /* PolicyGradient.swift in Sources */,
				0EA300F91DB2951A009CB319 /* DeepChannel.swift in Sources */,
				0ECD88661A9C3F6300049F28 /* AlphaBeta.swift in Sources */,
				0E02FB991CC1B22E00C32F9F /* NonLinearRegression.swift in Sources */,
				0EB9FF291E80C10A00AA058E /* ConstraintPropogation.swift in Sources */,
				0EDA12131C3F7DAF00F03FDE /* MetalNeuralNetwork.swift in Sources */,
				0EAAFD6A1CB33D4F0062EBD5 /* LinearRegression.swift in Sources */,
				0E3CB5AB1CE6C9FB008ABA4E /* LogisticRegression.swift in Sources */,
				0EA300FC1DB2951A009CB319 /* DeepNetworkOperator.swift in Sources */,
				0EB34A3B1CF9408C006F5CE5 /* MLView.swift in Sources */,
				113C07471ED379D900C31415 /* DeepNonLinearity.swift in Sources */,
				0EDA12251C49FA9900F03FDE /* MetalNeuralNetworkShaders.swift in Sources */,
				0EB9FF2D1E80C10A00AA058E /* Graph.swift in Sources */,
				0EB9FF2A1E80C10A00AA058E /* DataSet.swift in Sources */,
				0EB9FF381E80C10A00AA058E /* SVM.swift in Sources */,
				0EA300F81DB2951A009CB319 /* Convolution.swift in Sources */,
				0EB9FF371E80C10A00AA058E /* RecurrentNeuralNetwork.swift in Sources */,
				0EB9FF361E80C10A00AA058E /* Queue.swift in Sources */,
				0EB9FF2F1E80C10A00AA058E /* KMeans.swift in Sources */,
				0EAAFD471CA9F37E0062EBD5 /* MarkovDecisionProcess.swift in Sources */,
				0EB9FF321E80C10A00AA058E /* MachineLearningProtocols.swift in Sources */,
				0EB9FF2C1E80C10A00AA058E /* GeneticAlgorithm.swift in Sources */,
				0EB9FF2E1E80C10A00AA058E /* Kernel.swift in Sources */,
				0EDA12151C3F813600F03FDE /* MetalNeuralNetworkShaders.metal in Sources */,
				0E02FB931CBDD35300C32F9F /* MixtureOfGaussians.swift in Sources */,
				0EB9FF2B1E80C10A00AA058E /* Gaussian.swift in Sources */,
				0EA300FA1DB2951A009CB319 /* DeepLayer.swift in Sources */,
			);
			runOnlyForDeploymentPostprocessing = 0;
		};
		0EBA29B21A91350C0012CEC9 /* Sources */ = {
			isa = PBXSourcesBuildPhase;
			buildActionMask = 2147483647;
			files = (
				0ECD88681A9C44BD00049F28 /* AlphaBetaTests.swift in Sources */,
				0EA941AD1BD5F80E006BAECD /* NeuralNetworkTests.swift in Sources */,
				0E12025E1D0490AD0072257B /* LSTMTests.swift in Sources */,
				0E02FB961CBF10E900C32F9F /* MixtureOfGaussianTests.swift in Sources */,
				0E8C9F7D1C9BB0B000F88E34 /* KMeansTest.swift in Sources */,
				0E3CB5A31CCD30D3008ABA4E /* ValidationTests.swift in Sources */,
				0E0E26011CA44EA80087932B /* PCATests.swift in Sources */,
				0E0A4FC01C14EDC100AD5AAE /* SVMTests.swift in Sources */,
				0EA301061DB4767B009CB319 /* DeepNetworkTests.swift in Sources */,
				0EAAFD4A1CA9F3BD0062EBD5 /* MDPTests.swift in Sources */,
				0EBA29CA1A9135940012CEC9 /* GraphTests.swift in Sources */,
				0EDA12171C435FF700F03FDE /* MetalNeuralNetworkTests.swift in Sources */,
				0E3CB5AE1CE6CA26008ABA4E /* LogisticRegressionTests.swift in Sources */,
				0E02FB901CBC7C5D00C32F9F /* GaussianTests.swift in Sources */,
				0EAAFD6D1CB33DA10062EBD5 /* LinearRegressionTests.swift in Sources */,
				0E5544581AAAC58E00BF5FAD /* ConstraintPropogationTests.swift in Sources */,
				0EBA29D21A98376F0012CEC9 /* QueueTests.swift in Sources */,
				0E02FB9C1CC1B25400C32F9F /* NonLinearRegressionTests.swift in Sources */,
			);
			runOnlyForDeploymentPostprocessing = 0;
		};
/* End PBXSourcesBuildPhase section */

/* Begin PBXTargetDependency section */
		0E0A4F9F1C133E8800AD5AAE /* PBXTargetDependency */ = {
			isa = PBXTargetDependency;
			target = 0E0A4F921C133E8800AD5AAE /* AIToolboxIOS */;
			targetProxy = 0E0A4F9E1C133E8800AD5AAE /* PBXContainerItemProxy */;
		};
		0EBA29B91A91350C0012CEC9 /* PBXTargetDependency */ = {
			isa = PBXTargetDependency;
			target = 0EBA29AA1A91350C0012CEC9 /* AIToolbox */;
			targetProxy = 0EBA29B81A91350C0012CEC9 /* PBXContainerItemProxy */;
		};
/* End PBXTargetDependency section */

/* Begin XCBuildConfiguration section */
		0E0A4FA41C133E8800AD5AAE /* Debug */ = {
			isa = XCBuildConfiguration;
			buildSettings = {
				"CODE_SIGN_IDENTITY[sdk=iphoneos*]" = "";
				DEFINES_MODULE = YES;
				DYLIB_COMPATIBILITY_VERSION = 1;
				DYLIB_CURRENT_VERSION = 1;
				DYLIB_INSTALL_NAME_BASE = "@rpath";
				GCC_NO_COMMON_BLOCKS = YES;
				INFOPLIST_FILE = AIToolboxIOS/Info.plist;
				INSTALL_PATH = "$(LOCAL_LIBRARY_DIR)/Frameworks";
				IPHONEOS_DEPLOYMENT_TARGET = 9.1;
				LD_RUNPATH_SEARCH_PATHS = "$(inherited) @executable_path/Frameworks @loader_path/Frameworks";
				PRODUCT_BUNDLE_IDENTIFIER = com.MacRobotics.AIToolboxIOS;
				PRODUCT_NAME = AIToolbox;
				SDKROOT = iphoneos;
				SKIP_INSTALL = YES;
				SWIFT_VERSION = 4.2;
				TARGETED_DEVICE_FAMILY = "1,2";
			};
			name = Debug;
		};
		0E0A4FA51C133E8800AD5AAE /* Release */ = {
			isa = XCBuildConfiguration;
			buildSettings = {
				"CODE_SIGN_IDENTITY[sdk=iphoneos*]" = "";
				DEFINES_MODULE = YES;
				DYLIB_COMPATIBILITY_VERSION = 1;
				DYLIB_CURRENT_VERSION = 1;
				DYLIB_INSTALL_NAME_BASE = "@rpath";
				GCC_NO_COMMON_BLOCKS = YES;
				INFOPLIST_FILE = AIToolboxIOS/Info.plist;
				INSTALL_PATH = "$(LOCAL_LIBRARY_DIR)/Frameworks";
				IPHONEOS_DEPLOYMENT_TARGET = 9.1;
				LD_RUNPATH_SEARCH_PATHS = "$(inherited) @executable_path/Frameworks @loader_path/Frameworks";
				PRODUCT_BUNDLE_IDENTIFIER = com.MacRobotics.AIToolboxIOS;
				PRODUCT_NAME = AIToolbox;
				SDKROOT = iphoneos;
				SKIP_INSTALL = YES;
				SWIFT_VERSION = 4.2;
				TARGETED_DEVICE_FAMILY = "1,2";
				VALIDATE_PRODUCT = YES;
			};
			name = Release;
		};
		0E0A4FA61C133E8800AD5AAE /* Debug */ = {
			isa = XCBuildConfiguration;
			buildSettings = {
				"CODE_SIGN_IDENTITY[sdk=iphoneos*]" = "iPhone Developer";
				GCC_NO_COMMON_BLOCKS = YES;
				INFOPLIST_FILE = AIToolboxIOSTests/Info.plist;
				IPHONEOS_DEPLOYMENT_TARGET = 9.1;
				LD_RUNPATH_SEARCH_PATHS = "$(inherited) @executable_path/Frameworks @loader_path/Frameworks";
				PRODUCT_BUNDLE_IDENTIFIER = com.MacRobotics.AIToolboxIOSTests;
				PRODUCT_NAME = "$(TARGET_NAME)";
				SDKROOT = iphoneos;
				SWIFT_VERSION = 4.2;
			};
			name = Debug;
		};
		0E0A4FA71C133E8800AD5AAE /* Release */ = {
			isa = XCBuildConfiguration;
			buildSettings = {
				"CODE_SIGN_IDENTITY[sdk=iphoneos*]" = "iPhone Developer";
				GCC_NO_COMMON_BLOCKS = YES;
				INFOPLIST_FILE = AIToolboxIOSTests/Info.plist;
				IPHONEOS_DEPLOYMENT_TARGET = 9.1;
				LD_RUNPATH_SEARCH_PATHS = "$(inherited) @executable_path/Frameworks @loader_path/Frameworks";
				PRODUCT_BUNDLE_IDENTIFIER = com.MacRobotics.AIToolboxIOSTests;
				PRODUCT_NAME = "$(TARGET_NAME)";
				SDKROOT = iphoneos;
				SWIFT_VERSION = 4.2;
				VALIDATE_PRODUCT = YES;
			};
			name = Release;
		};
		0EBA29BF1A91350C0012CEC9 /* Debug */ = {
			isa = XCBuildConfiguration;
			buildSettings = {
				ALWAYS_SEARCH_USER_PATHS = NO;
				CLANG_ANALYZER_LOCALIZABILITY_NONLOCALIZED = YES;
				CLANG_CXX_LANGUAGE_STANDARD = "gnu++0x";
				CLANG_CXX_LIBRARY = "libc++";
				CLANG_ENABLE_MODULES = YES;
				CLANG_ENABLE_OBJC_ARC = YES;
				CLANG_WARN_BLOCK_CAPTURE_AUTORELEASING = YES;
				CLANG_WARN_BOOL_CONVERSION = YES;
				CLANG_WARN_COMMA = YES;
				CLANG_WARN_CONSTANT_CONVERSION = YES;
				CLANG_WARN_DEPRECATED_OBJC_IMPLEMENTATIONS = YES;
				CLANG_WARN_DIRECT_OBJC_ISA_USAGE = YES_ERROR;
				CLANG_WARN_EMPTY_BODY = YES;
				CLANG_WARN_ENUM_CONVERSION = YES;
				CLANG_WARN_INFINITE_RECURSION = YES;
				CLANG_WARN_INT_CONVERSION = YES;
				CLANG_WARN_NON_LITERAL_NULL_CONVERSION = YES;
				CLANG_WARN_OBJC_IMPLICIT_RETAIN_SELF = YES;
				CLANG_WARN_OBJC_LITERAL_CONVERSION = YES;
				CLANG_WARN_OBJC_ROOT_CLASS = YES_ERROR;
				CLANG_WARN_RANGE_LOOP_ANALYSIS = YES;
				CLANG_WARN_STRICT_PROTOTYPES = YES;
				CLANG_WARN_SUSPICIOUS_MOVE = YES;
				CLANG_WARN_UNREACHABLE_CODE = YES;
				CLANG_WARN__DUPLICATE_METHOD_MATCH = YES;
				COPY_PHASE_STRIP = NO;
				CURRENT_PROJECT_VERSION = 1;
				DEBUG_INFORMATION_FORMAT = dwarf;
				ENABLE_STRICT_OBJC_MSGSEND = YES;
				ENABLE_TESTABILITY = YES;
				GCC_C_LANGUAGE_STANDARD = gnu99;
				GCC_DYNAMIC_NO_PIC = NO;
				GCC_NO_COMMON_BLOCKS = YES;
				GCC_OPTIMIZATION_LEVEL = 0;
				GCC_PREPROCESSOR_DEFINITIONS = (
					"DEBUG=1",
					"$(inherited)",
				);
				GCC_SYMBOLS_PRIVATE_EXTERN = NO;
				GCC_WARN_64_TO_32_BIT_CONVERSION = YES;
				GCC_WARN_ABOUT_RETURN_TYPE = YES_ERROR;
				GCC_WARN_UNDECLARED_SELECTOR = YES;
				GCC_WARN_UNINITIALIZED_AUTOS = YES_AGGRESSIVE;
				GCC_WARN_UNUSED_FUNCTION = YES;
				GCC_WARN_UNUSED_VARIABLE = YES;
				MACOSX_DEPLOYMENT_TARGET = 10.10;
				MTL_ENABLE_DEBUG_INFO = YES;
				ONLY_ACTIVE_ARCH = YES;
				SDKROOT = macosx;
				SWIFT_OPTIMIZATION_LEVEL = "-Onone";
				SWIFT_VERSION = 4.2;
				VERSIONING_SYSTEM = "apple-generic";
				VERSION_INFO_PREFIX = "";
			};
			name = Debug;
		};
		0EBA29C01A91350C0012CEC9 /* Release */ = {
			isa = XCBuildConfiguration;
			buildSettings = {
				ALWAYS_SEARCH_USER_PATHS = NO;
				CLANG_ANALYZER_LOCALIZABILITY_NONLOCALIZED = YES;
				CLANG_CXX_LANGUAGE_STANDARD = "gnu++0x";
				CLANG_CXX_LIBRARY = "libc++";
				CLANG_ENABLE_MODULES = YES;
				CLANG_ENABLE_OBJC_ARC = YES;
				CLANG_WARN_BLOCK_CAPTURE_AUTORELEASING = YES;
				CLANG_WARN_BOOL_CONVERSION = YES;
				CLANG_WARN_COMMA = YES;
				CLANG_WARN_CONSTANT_CONVERSION = YES;
				CLANG_WARN_DEPRECATED_OBJC_IMPLEMENTATIONS = YES;
				CLANG_WARN_DIRECT_OBJC_ISA_USAGE = YES_ERROR;
				CLANG_WARN_EMPTY_BODY = YES;
				CLANG_WARN_ENUM_CONVERSION = YES;
				CLANG_WARN_INFINITE_RECURSION = YES;
				CLANG_WARN_INT_CONVERSION = YES;
				CLANG_WARN_NON_LITERAL_NULL_CONVERSION = YES;
				CLANG_WARN_OBJC_IMPLICIT_RETAIN_SELF = YES;
				CLANG_WARN_OBJC_LITERAL_CONVERSION = YES;
				CLANG_WARN_OBJC_ROOT_CLASS = YES_ERROR;
				CLANG_WARN_RANGE_LOOP_ANALYSIS = YES;
				CLANG_WARN_STRICT_PROTOTYPES = YES;
				CLANG_WARN_SUSPICIOUS_MOVE = YES;
				CLANG_WARN_UNREACHABLE_CODE = YES;
				CLANG_WARN__DUPLICATE_METHOD_MATCH = YES;
				COPY_PHASE_STRIP = NO;
				CURRENT_PROJECT_VERSION = 1;
				DEBUG_INFORMATION_FORMAT = "dwarf-with-dsym";
				ENABLE_NS_ASSERTIONS = NO;
				ENABLE_STRICT_OBJC_MSGSEND = YES;
				GCC_C_LANGUAGE_STANDARD = gnu99;
				GCC_NO_COMMON_BLOCKS = YES;
				GCC_WARN_64_TO_32_BIT_CONVERSION = YES;
				GCC_WARN_ABOUT_RETURN_TYPE = YES_ERROR;
				GCC_WARN_UNDECLARED_SELECTOR = YES;
				GCC_WARN_UNINITIALIZED_AUTOS = YES_AGGRESSIVE;
				GCC_WARN_UNUSED_FUNCTION = YES;
				GCC_WARN_UNUSED_VARIABLE = YES;
				MACOSX_DEPLOYMENT_TARGET = 10.10;
				MTL_ENABLE_DEBUG_INFO = NO;
				SDKROOT = macosx;
				SWIFT_OPTIMIZATION_LEVEL = "-Owholemodule";
				SWIFT_VERSION = 4.2;
				VERSIONING_SYSTEM = "apple-generic";
				VERSION_INFO_PREFIX = "";
			};
			name = Release;
		};
		0EBA29C21A91350C0012CEC9 /* Debug */ = {
			isa = XCBuildConfiguration;
			buildSettings = {
				CLANG_CXX_LANGUAGE_STANDARD = "compiler-default";
				CLANG_CXX_LIBRARY = "compiler-default";
				CLANG_ENABLE_MODULES = YES;
				COMBINE_HIDPI_IMAGES = YES;
				DEFINES_MODULE = YES;
				DYLIB_COMPATIBILITY_VERSION = 1;
				DYLIB_CURRENT_VERSION = 1;
				DYLIB_INSTALL_NAME_BASE = "@rpath";
				FRAMEWORK_VERSION = A;
				GCC_C_LANGUAGE_STANDARD = "compiler-default";
				INFOPLIST_FILE = AIToolbox/Info.plist;
				INSTALL_PATH = "$(LOCAL_LIBRARY_DIR)/Frameworks";
				LD_RUNPATH_SEARCH_PATHS = "$(inherited) @executable_path/../Frameworks @loader_path/Frameworks";
				MACOSX_DEPLOYMENT_TARGET = 10.10;
				PRODUCT_BUNDLE_IDENTIFIER = "com.MacRobotics.$(PRODUCT_NAME:rfc1034identifier)";
				PRODUCT_NAME = "$(TARGET_NAME)";
				SKIP_INSTALL = YES;
				SWIFT_OPTIMIZATION_LEVEL = "-Onone";
				SWIFT_SWIFT3_OBJC_INFERENCE = Default;
				SWIFT_VERSION = 5.0;
			};
			name = Debug;
		};
		0EBA29C31A91350C0012CEC9 /* Release */ = {
			isa = XCBuildConfiguration;
			buildSettings = {
				CLANG_CXX_LANGUAGE_STANDARD = "compiler-default";
				CLANG_CXX_LIBRARY = "compiler-default";
				CLANG_ENABLE_MODULES = YES;
				COMBINE_HIDPI_IMAGES = YES;
				DEFINES_MODULE = YES;
				DYLIB_COMPATIBILITY_VERSION = 1;
				DYLIB_CURRENT_VERSION = 1;
				DYLIB_INSTALL_NAME_BASE = "@rpath";
				FRAMEWORK_VERSION = A;
				GCC_C_LANGUAGE_STANDARD = "compiler-default";
				INFOPLIST_FILE = AIToolbox/Info.plist;
				INSTALL_PATH = "$(LOCAL_LIBRARY_DIR)/Frameworks";
				LD_RUNPATH_SEARCH_PATHS = "$(inherited) @executable_path/../Frameworks @loader_path/Frameworks";
				MACOSX_DEPLOYMENT_TARGET = 10.10;
				PRODUCT_BUNDLE_IDENTIFIER = "com.MacRobotics.$(PRODUCT_NAME:rfc1034identifier)";
				PRODUCT_NAME = "$(TARGET_NAME)";
				SKIP_INSTALL = YES;
				SWIFT_SWIFT3_OBJC_INFERENCE = Default;
				SWIFT_VERSION = 5.0;
			};
			name = Release;
		};
		0EBA29C51A91350C0012CEC9 /* Debug */ = {
			isa = XCBuildConfiguration;
			buildSettings = {
				CLANG_CXX_LANGUAGE_STANDARD = "compiler-default";
				CLANG_CXX_LIBRARY = "compiler-default";
				COMBINE_HIDPI_IMAGES = YES;
				FRAMEWORK_SEARCH_PATHS = (
					"$(DEVELOPER_FRAMEWORKS_DIR)",
					"$(inherited)",
				);
				"FRAMEWORK_SEARCH_PATHS[arch=*]" = (
					"$(DEVELOPER_FRAMEWORKS_DIR)",
					"$(inherited)",
					"/Users/kevincoble/Library/Developer/Xcode/DerivedData/AIToolbox-fotxzwujvdsnmbcllkiihtlmhuph/Build/Products/Debug",
				);
				GCC_C_LANGUAGE_STANDARD = "compiler-default";
				GCC_PREPROCESSOR_DEFINITIONS = (
					"DEBUG=1",
					"$(inherited)",
				);
				INFOPLIST_FILE = AIToolboxTests/Info.plist;
				LD_RUNPATH_SEARCH_PATHS = "$(inherited) @executable_path/../Frameworks @loader_path/../Frameworks";
				PRODUCT_BUNDLE_IDENTIFIER = "com.MacRobotics.$(PRODUCT_NAME:rfc1034identifier)";
				PRODUCT_NAME = "$(TARGET_NAME)";
				SWIFT_SWIFT3_OBJC_INFERENCE = Default;
				SWIFT_VERSION = 5.0;
			};
			name = Debug;
		};
		0EBA29C61A91350C0012CEC9 /* Release */ = {
			isa = XCBuildConfiguration;
			buildSettings = {
				CLANG_CXX_LANGUAGE_STANDARD = "compiler-default";
				CLANG_CXX_LIBRARY = "compiler-default";
				COMBINE_HIDPI_IMAGES = YES;
				FRAMEWORK_SEARCH_PATHS = (
					"$(DEVELOPER_FRAMEWORKS_DIR)",
					"$(inherited)",
				);
				"FRAMEWORK_SEARCH_PATHS[arch=*]" = (
					"$(DEVELOPER_FRAMEWORKS_DIR)",
					"$(inherited)",
					"/Users/kevincoble/Library/Developer/Xcode/DerivedData/AIToolbox-fotxzwujvdsnmbcllkiihtlmhuph/Build/Products/Release",
				);
				GCC_C_LANGUAGE_STANDARD = "compiler-default";
				INFOPLIST_FILE = AIToolboxTests/Info.plist;
				LD_RUNPATH_SEARCH_PATHS = "$(inherited) @executable_path/../Frameworks @loader_path/../Frameworks";
				PRODUCT_BUNDLE_IDENTIFIER = "com.MacRobotics.$(PRODUCT_NAME:rfc1034identifier)";
				PRODUCT_NAME = "$(TARGET_NAME)";
				SWIFT_SWIFT3_OBJC_INFERENCE = Default;
				SWIFT_VERSION = 5.0;
			};
			name = Release;
		};
/* End XCBuildConfiguration section */

/* Begin XCConfigurationList section */
		0E0A4FA81C133E8800AD5AAE /* Build configuration list for PBXNativeTarget "AIToolboxIOS" */ = {
			isa = XCConfigurationList;
			buildConfigurations = (
				0E0A4FA41C133E8800AD5AAE /* Debug */,
				0E0A4FA51C133E8800AD5AAE /* Release */,
			);
			defaultConfigurationIsVisible = 0;
			defaultConfigurationName = Release;
		};
		0E0A4FA91C133E8800AD5AAE /* Build configuration list for PBXNativeTarget "AIToolboxIOSTests" */ = {
			isa = XCConfigurationList;
			buildConfigurations = (
				0E0A4FA61C133E8800AD5AAE /* Debug */,
				0E0A4FA71C133E8800AD5AAE /* Release */,
			);
			defaultConfigurationIsVisible = 0;
			defaultConfigurationName = Release;
		};
		0EBA29A51A91350C0012CEC9 /* Build configuration list for PBXProject "AIToolbox" */ = {
			isa = XCConfigurationList;
			buildConfigurations = (
				0EBA29BF1A91350C0012CEC9 /* Debug */,
				0EBA29C01A91350C0012CEC9 /* Release */,
			);
			defaultConfigurationIsVisible = 0;
			defaultConfigurationName = Release;
		};
		0EBA29C11A91350C0012CEC9 /* Build configuration list for PBXNativeTarget "AIToolbox" */ = {
			isa = XCConfigurationList;
			buildConfigurations = (
				0EBA29C21A91350C0012CEC9 /* Debug */,
				0EBA29C31A91350C0012CEC9 /* Release */,
			);
			defaultConfigurationIsVisible = 0;
			defaultConfigurationName = Release;
		};
		0EBA29C41A91350C0012CEC9 /* Build configuration list for PBXNativeTarget "AIToolboxTests" */ = {
			isa = XCConfigurationList;
			buildConfigurations = (
				0EBA29C51A91350C0012CEC9 /* Debug */,
				0EBA29C61A91350C0012CEC9 /* Release */,
			);
			defaultConfigurationIsVisible = 0;
			defaultConfigurationName = Release;
		};
/* End XCConfigurationList section */
	};
	rootObject = 0EBA29A21A91350C0012CEC9 /* Project object */;
}
